
Microsoft Visual Studio Solution File, Format Version 12.00
# Visual Studio Version 16
VisualStudioVersion = 16.0.31019.35
MinimumVisualStudioVersion = 10.0.40219.1
Project("{FAE04EC0-301F-11D3-BF4B-00C04F79EFBC}") = "reVirt_PSP", "reVirt_PSP.csproj", "{75D34344-A130-4D40-B115-58C7BA86892C}"
EndProject
Global
	GlobalSection(SolutionConfigurationPlatforms) = preSolution
		Debug|Any CPU = Debug|Any CPU
		Release|Any CPU = Release|Any CPU
	EndGlobalSection
	GlobalSection(ProjectConfigurationPlatforms) = postSolution
		{75D34344-A130-4D40-B115-58C7BA86892C}.Debug|Any CPU.ActiveCfg = Debug|Any CPU
		{75D34344-A130-4D40-B115-58C7BA86892C}.Debug|Any CPU.Build.0 = Debug|Any CPU
		{75D34344-A130-4D40-B115-58C7BA86892C}.Release|Any CPU.ActiveCfg = Release|Any CPU
		{75D34344-A130-4D40-B115-58C7BA86892C}.Release|Any CPU.Build.0 = Release|Any CPU
	EndGlobalSection
	GlobalSection(SolutionProperties) = preSolution
		HideSolutionNode = FALSE
	EndGlobalSection
	GlobalSection(ExtensibilityGlobals) = postSolution
		SolutionGuid = {D755D00D-7871-4CE5-8337-4DCAC0CF9FD9}
	EndGlobalSection
EndGlobal
